Microsoft Visual Studio Solution File, Format Version 12.00
# Visual Studio 15
VisualStudioVersion = 15.0.28010.2036
MinimumVisualStudioVersion = 10.0.40219.1
Project("{FAE04EC0-301F-11D3-BF4B-00C04F79EFBC}") = "sqldb.shutt.re", "sqldb.shutt.re\sqldb.shutt.re.csproj", "{564B42DF-156D-4E1C-BF3E-B841155E4F98}"
EndProject
Project("{FAE04EC0-301F-11D3-BF4B-00C04F79EFBC}") = "api.shutt.re", "api.shutt.re\api.shutt.re.csproj", "{D28FE696-9D46-475E-96E4-CCCCEFC32C5E}"
EndProject
Global
	GlobalSection(SolutionConfigurationPlatforms) = preSolution
		Debug|Any CPU = Debug|Any CPU
		Release|Any CPU = Release|Any CPU
	EndGlobalSection
	GlobalSection(ProjectConfigurationPlatforms) = postSolution
		{564B42DF-156D-4E1C-BF3E-B841155E4F98}.Debug|Any CPU.ActiveCfg = Debug|Any CPU
		{564B42DF-156D-4E1C-BF3E-B841155E4F98}.Debug|Any CPU.Build.0 = Debug|Any CPU
		{564B42DF-156D-4E1C-BF3E-B841155E4F98}.Release|Any CPU.ActiveCfg = Release|Any CPU
		{564B42DF-156D-4E1C-BF3E-B841155E4F98}.Release|Any CPU.Build.0 = Release|Any CPU
		{D28FE696-9D46-475E-96E4-CCCCEFC32C5E}.Debug|Any CPU.ActiveCfg = Debug|Any CPU
		{D28FE696-9D46-475E-96E4-CCCCEFC32C5E}.Debug|Any CPU.Build.0 = Debug|Any CPU
		{D28FE696-9D46-475E-96E4-CCCCEFC32C5E}.Release|Any CPU.ActiveCfg = Release|Any CPU
		{D28FE696-9D46-475E-96E4-CCCCEFC32C5E}.Release|Any CPU.Build.0 = Release|Any CPU
	EndGlobalSection
	GlobalSection(SolutionProperties) = preSolution
		HideSolutionNode = FALSE
	EndGlobalSection
	GlobalSection(ExtensibilityGlobals) = postSolution
		SolutionGuid = {CE2E2938-5296-4062-8A26-74491D8AE98A}
	EndGlobalSection
EndGlobal
